
Microsoft Visual Studio Solution File, Format Version 12.00
Project("{2150E333-8FDC-42A3-9474-1A3956D46DE8}") = "src", "src", "{E17718FC-0791-43A4-BAD8-DC734D4F1E9A}"
EndProject
Project("{2150E333-8FDC-42A3-9474-1A3956D46DE8}") = "corePackages", "corePackages", "{99B5AF81-8931-4A72-9597-D557858F1293}"
EndProject
Project("{FAE04EC0-301F-11D3-BF4B-00C04F79EFBC}") = "Core.Application", "src\corePackages\Core.Application\Core.Application.csproj", "{0FF01544-33D0-4F47-9243-3776439600AE}"
EndProject
Project("{FAE04EC0-301F-11D3-BF4B-00C04F79EFBC}") = "Core.Persistence", "src\corePackages\Core.Persistence\Core.Persistence.csproj", "{ABC50CED-8BA7-41C4-8E60-23D4070C3142}"
EndProject
Project("{FAE04EC0-301F-11D3-BF4B-00C04F79EFBC}") = "Core.CrossCuttingConcerns", "src\corePackages\Core.CrossCuttingConcerns\Core.CrossCuttingConcerns.csproj", "{D3515115-05E9-4CC3-9E82-4212EF9DAD06}"
EndProject
Project("{FAE04EC0-301F-11D3-BF4B-00C04F79EFBC}") = "Core.Security", "src\corePackages\Core.Security\Core.Security.csproj", "{3AB813B2-7104-40AE-9EC1-03D6705E169F}"
EndProject
Project("{2150E333-8FDC-42A3-9474-1A3956D46DE8}") = "mainPackages", "mainPackages", "{57913D5D-8427-40E7-9282-9B569CB99112}"
EndProject
Project("{FAE04EC0-301F-11D3-BF4B-00C04F79EFBC}") = "codeTalks.Domain", "src\mainPackages\codeTalks.Domain\codeTalks.Domain.csproj", "{52C0C72E-4871-43A7-B722-17950077DCC9}"
EndProject
Project("{FAE04EC0-301F-11D3-BF4B-00C04F79EFBC}") = "codeTalks.Persistence", "src\mainPackages\codeTalks.Persistence\codeTalks.Persistence.csproj", "{AF5CDA8C-4B18-4E37-8BF7-0B0546F946CE}"
EndProject
Project("{FAE04EC0-301F-11D3-BF4B-00C04F79EFBC}") = "codeTalks.Application", "src\mainPackages\codeTalks.Application\codeTalks.Application.csproj", "{FCAD7C33-E2CB-4221-9DA4-AC483EF53F7A}"
EndProject
Project("{FAE04EC0-301F-11D3-BF4B-00C04F79EFBC}") = "codeTalks.Infrastructure", "src\mainPackages\codeTalks.Infrastructure\codeTalks.Infrastructure.csproj", "{89678CCD-C9A2-4E0C-8932-E204BA4C3741}"
EndProject
Project("{FAE04EC0-301F-11D3-BF4B-00C04F79EFBC}") = "codeTalks.WebAPI", "src\mainPackages\codeTalks.WebAPI\codeTalks.WebAPI.csproj", "{EA0A2AC3-A22D-4844-A300-691C5F1E674D}"
EndProject
Project("{FAE04EC0-301F-11D3-BF4B-00C04F79EFBC}") = "codeTalks.Presentation", "src\mainPackages\codeTalks.Presentation\codeTalks.Presentation.csproj", "{43FB3CA8-F67F-4DD6-AE71-BAC93D86DF94}"
EndProject
Project("{2150E333-8FDC-42A3-9474-1A3956D46DE8}") = "tests", "tests", "{88414FF1-E13F-48FA-BEDB-05BCB637E76A}"
EndProject
Project("{FAE04EC0-301F-11D3-BF4B-00C04F79EFBC}") = "codeTalks.Application.UnitTests", "tests\codeTalks.Application.UnitTests\codeTalks.Application.UnitTests.csproj", "{8218468D-6A37-4222-91E7-D4A9BDE47634}"
EndProject
Project("{FAE04EC0-301F-11D3-BF4B-00C04F79EFBC}") = "Core.Security.UnitTests", "tests\Core.Security.UnitTests\Core.Security.UnitTests.csproj", "{FBA196EF-EC91-49B7-B960-9F3F271970E4}"
EndProject
Project("{FAE04EC0-301F-11D3-BF4B-00C04F79EFBC}") = "Core.Application.UnitTests", "tests\Core.Application.UnitTests\Core.Application.UnitTests.csproj", "{EA9B829F-3C4D-4A48-A11C-A2B622C25B1D}"
EndProject
Project("{FAE04EC0-301F-11D3-BF4B-00C04F79EFBC}") = "codeTalks.WebAPI.IntegrationTests", "tests\codeTalks.WebAPI.IntegrationTests\codeTalks.WebAPI.IntegrationTests.csproj", "{8B06F498-75A2-486E-B844-2B2BAF2A8765}"
EndProject
Global
	GlobalSection(SolutionConfigurationPlatforms) = preSolution
		Debug|Any CPU = Debug|Any CPU
		Debug|x64 = Debug|x64
		Debug|x86 = Debug|x86
		Release|Any CPU = Release|Any CPU
		Release|x64 = Release|x64
		Release|x86 = Release|x86
	EndGlobalSection
	GlobalSection(ProjectConfigurationPlatforms) = postSolution
		{0FF01544-33D0-4F47-9243-3776439600AE}.Debug|Any CPU.ActiveCfg = Debug|Any CPU
		{0FF01544-33D0-4F47-9243-3776439600AE}.Debug|Any CPU.Build.0 = Debug|Any CPU
		{0FF01544-33D0-4F47-9243-3776439600AE}.Debug|x64.ActiveCfg = Debug|Any CPU
		{0FF01544-33D0-4F47-9243-3776439600AE}.Debug|x64.Build.0 = Debug|Any CPU
		{0FF01544-33D0-4F47-9243-3776439600AE}.Debug|x86.ActiveCfg = Debug|Any CPU
		{0FF01544-33D0-4F47-9243-3776439600AE}.Debug|x86.Build.0 = Debug|Any CPU
		{0FF01544-33D0-4F47-9243-3776439600AE}.Release|Any CPU.ActiveCfg = Release|Any CPU
		{0FF01544-33D0-4F47-9243-3776439600AE}.Release|Any CPU.Build.0 = Release|Any CPU
		{0FF01544-33D0-4F47-9243-3776439600AE}.Release|x64.ActiveCfg = Release|Any CPU
		{0FF01544-33D0-4F47-9243-3776439600AE}.Release|x64.Build.0 = Release|Any CPU
		{0FF01544-33D0-4F47-9243-3776439600AE}.Release|x86.ActiveCfg = Release|Any CPU
		{0FF01544-33D0-4F47-9243-3776439600AE}.Release|x86.Build.0 = Release|Any CPU
		{ABC50CED-8BA7-41C4-8E60-23D4070C3142}.Debug|Any CPU.ActiveCfg = Debug|Any CPU
		{ABC50CED-8BA7-41C4-8E60-23D4070C3142}.Debug|Any CPU.Build.0 = Debug|Any CPU
		{ABC50CED-8BA7-41C4-8E60-23D4070C3142}.Debug|x64.ActiveCfg = Debug|Any CPU
		{ABC50CED-8BA7-41C4-8E60-23D4070C3142}.Debug|x64.Build.0 = Debug|Any CPU
		{ABC50CED-8BA7-41C4-8E60-23D4070C3142}.Debug|x86.ActiveCfg = Debug|Any CPU
		{ABC50CED-8BA7-41C4-8E60-23D4070C3142}.Debug|x86.Build.0 = Debug|Any CPU
		{ABC50CED-8BA7-41C4-8E60-23D4070C3142}.Release|Any CPU.ActiveCfg = Release|Any CPU
		{ABC50CED-8BA7-41C4-8E60-23D4070C3142}.Release|Any CPU.Build.0 = Release|Any CPU
		{ABC50CED-8BA7-41C4-8E60-23D4070C3142}.Release|x64.ActiveCfg = Release|Any CPU
		{ABC50CED-8BA7-41C4-8E60-23D4070C3142}.Release|x64.Build.0 = Release|Any CPU
		{ABC50CED-8BA7-41C4-8E60-23D4070C3142}.Release|x86.ActiveCfg = Release|Any CPU
		{ABC50CED-8BA7-41C4-8E60-23D4070C3142}.Release|x86.Build.0 = Release|Any CPU
		{D3515115-05E9-4CC3-9E82-4212EF9DAD06}.Debug|Any CPU.ActiveCfg = Debug|Any CPU
		{D3515115-05E9-4CC3-9E82-4212EF9DAD06}.Debug|Any CPU.Build.0 = Debug|Any CPU
		{D3515115-05E9-4CC3-9E82-4212EF9DAD06}.Debug|x64.ActiveCfg = Debug|Any CPU
		{D3515115-05E9-4CC3-9E82-4212EF9DAD06}.Debug|x64.Build.0 = Debug|Any CPU
		{D3515115-05E9-4CC3-9E82-4212EF9DAD06}.Debug|x86.ActiveCfg = Debug|Any CPU
		{D3515115-05E9-4CC3-9E82-4212EF9DAD06}.Debug|x86.Build.0 = Debug|Any CPU
		{D3515115-05E9-4CC3-9E82-4212EF9DAD06}.Release|Any CPU.ActiveCfg = Release|Any CPU
		{D3515115-05E9-4CC3-9E82-4212EF9DAD06}.Release|Any CPU.Build.0 = Release|Any CPU
		{D3515115-05E9-4CC3-9E82-4212EF9DAD06}.Release|x64.ActiveCfg = Release|Any CPU
		{D3515115-05E9-4CC3-9E82-4212EF9DAD06}.Release|x64.Build.0 = Release|Any CPU
		{D3515115-05E9-4CC3-9E82-4212EF9DAD06}.Release|x86.ActiveCfg = Release|Any CPU
		{D3515115-05E9-4CC3-9E82-4212EF9DAD06}.Release|x86.Build.0 = Release|Any CPU
		{3AB813B2-7104-40AE-9EC1-03D6705E169F}.Debug|Any CPU.ActiveCfg = Debug|Any CPU
		{3AB813B2-7104-40AE-9EC1-03D6705E169F}.Debug|Any CPU.Build.0 = Debug|Any CPU
		{3AB813B2-7104-40AE-9EC1-03D6705E169F}.Debug|x64.ActiveCfg = Debug|Any CPU
		{3AB813B2-7104-40AE-9EC1-03D6705E169F}.Debug|x64.Build.0 = Debug|Any CPU
		{3AB813B2-7104-40AE-9EC1-03D6705E169F}.Debug|x86.ActiveCfg = Debug|Any CPU
		{3AB813B2-7104-40AE-9EC1-03D6705E169F}.Debug|x86.Build.0 = Debug|Any CPU
		{3AB813B2-7104-40AE-9EC1-03D6705E169F}.Release|Any CPU.ActiveCfg = Release|Any CPU
		{3AB813B2-7104-40AE-9EC1-03D6705E169F}.Release|Any CPU.Build.0 = Release|Any CPU
		{3AB813B2-7104-40AE-9EC1-03D6705E169F}.Release|x64.ActiveCfg = Release|Any CPU
		{3AB813B2-7104-40AE-9EC1-03D6705E169F}.Release|x64.Build.0 = Release|Any CPU
		{3AB813B2-7104-40AE-9EC1-03D6705E169F}.Release|x86.ActiveCfg = Release|Any CPU
		{3AB813B2-7104-40AE-9EC1-03D6705E169F}.Release|x86.Build.0 = Release|Any CPU
		{52C0C72E-4871-43A7-B722-17950077DCC9}.Debug|Any CPU.ActiveCfg = Debug|Any CPU
		{52C0C72E-4871-43A7-B722-17950077DCC9}.Debug|Any CPU.Build.0 = Debug|Any CPU
		{52C0C72E-4871-43A7-B722-17950077DCC9}.Debug|x64.ActiveCfg = Debug|Any CPU
		{52C0C72E-4871-43A7-B722-17950077DCC9}.Debug|x64.Build.0 = Debug|Any CPU
		{52C0C72E-4871-43A7-B722-17950077DCC9}.Debug|x86.ActiveCfg = Debug|Any CPU
		{52C0C72E-4871-43A7-B722-17950077DCC9}.Debug|x86.Build.0 = Debug|Any CPU
		{52C0C72E-4871-43A7-B722-17950077DCC9}.Release|Any CPU.ActiveCfg = Release|Any CPU
		{52C0C72E-4871-43A7-B722-17950077DCC9}.Release|Any CPU.Build.0 = Release|Any CPU
		{52C0C72E-4871-43A7-B722-17950077DCC9}.Release|x64.ActiveCfg = Release|Any CPU
		{52C0C72E-4871-43A7-B722-17950077DCC9}.Release|x64.Build.0 = Release|Any CPU
		{52C0C72E-4871-43A7-B722-17950077DCC9}.Release|x86.ActiveCfg = Release|Any CPU
		{52C0C72E-4871-43A7-B722-17950077DCC9}.Release|x86.Build.0 = Release|Any CPU
		{AF5CDA8C-4B18-4E37-8BF7-0B0546F946CE}.Debug|Any CPU.ActiveCfg = Debug|Any CPU
		{AF5CDA8C-4B18-4E37-8BF7-0B0546F946CE}.Debug|Any CPU.Build.0 = Debug|Any CPU
		{AF5CDA8C-4B18-4E37-8BF7-0B0546F946CE}.Debug|x64.ActiveCfg = Debug|Any CPU
		{AF5CDA8C-4B18-4E37-8BF7-0B0546F946CE}.Debug|x64.Build.0 = Debug|Any CPU
		{AF5CDA8C-4B18-4E37-8BF7-0B0546F946CE}.Debug|x86.ActiveCfg = Debug|Any CPU
		{AF5CDA8C-4B18-4E37-8BF7-0B0546F946CE}.Debug|x86.Build.0 = Debug|Any CPU
		{AF5CDA8C-4B18-4E37-8BF7-0B0546F946CE}.Release|Any CPU.ActiveCfg = Release|Any CPU
		{AF5CDA8C-4B18-4E37-8BF7-0B0546F946CE}.Release|Any CPU.Build.0 = Release|Any CPU
		{AF5CDA8C-4B18-4E37-8BF7-0B0546F946CE}.Release|x64.ActiveCfg = Release|Any CPU
		{AF5CDA8C-4B18-4E37-8BF7-0B0546F946CE}.Release|x64.Build.0 = Release|Any CPU
		{AF5CDA8C-4B18-4E37-8BF7-0B0546F946CE}.Release|x86.ActiveCfg = Release|Any CPU
		{AF5CDA8C-4B18-4E37-8BF7-0B0546F946CE}.Release|x86.Build.0 = Release|Any CPU
		{FCAD7C33-E2CB-4221-9DA4-AC483EF53F7A}.Debug|Any CPU.ActiveCfg = Debug|Any CPU
		{FCAD7C33-E2CB-4221-9DA4-AC483EF53F7A}.Debug|Any CPU.Build.0 = Debug|Any CPU
		{FCAD7C33-E2CB-4221-9DA4-AC483EF53F7A}.Debug|x64.ActiveCfg = Debug|Any CPU
		{FCAD7C33-E2CB-4221-9DA4-AC483EF53F7A}.Debug|x64.Build.0 = Debug|Any CPU
		{FCAD7C33-E2CB-4221-9DA4-AC483EF53F7A}.Debug|x86.ActiveCfg = Debug|Any CPU
		{FCAD7C33-E2CB-4221-9DA4-AC483EF53F7A}.Debug|x86.Build.0 = Debug|Any CPU
		{FCAD7C33-E2CB-4221-9DA4-AC483EF53F7A}.Release|Any CPU.ActiveCfg = Release|Any CPU
		{FCAD7C33-E2CB-4221-9DA4-AC483EF53F7A}.Release|Any CPU.Build.0 = Release|Any CPU
		{FCAD7C33-E2CB-4221-9DA4-AC483EF53F7A}.Release|x64.ActiveCfg = Release|Any CPU
		{FCAD7C33-E2CB-4221-9DA4-AC483EF53F7A}.Release|x64.Build.0 = Release|Any CPU
		{FCAD7C33-E2CB-4221-9DA4-AC483EF53F7A}.Release|x86.ActiveCfg = Release|Any CPU
		{FCAD7C33-E2CB-4221-9DA4-AC483EF53F7A}.Release|x86.Build.0 = Release|Any CPU
		{89678CCD-C9A2-4E0C-8932-E204BA4C3741}.Debug|Any CPU.ActiveCfg = Debug|Any CPU
		{89678CCD-C9A2-4E0C-8932-E204BA4C3741}.Debug|Any CPU.Build.0 = Debug|Any CPU
		{89678CCD-C9A2-4E0C-8932-E204BA4C3741}.Debug|x64.ActiveCfg = Debug|Any CPU
		{89678CCD-C9A2-4E0C-8932-E204BA4C3741}.Debug|x64.Build.0 = Debug|Any CPU
		{89678CCD-C9A2-4E0C-8932-E204BA4C3741}.Debug|x86.ActiveCfg = Debug|Any CPU
		{89678CCD-C9A2-4E0C-8932-E204BA4C3741}.Debug|x86.Build.0 = Debug|Any CPU
		{89678CCD-C9A2-4E0C-8932-E204BA4C3741}.Release|Any CPU.ActiveCfg = Release|Any CPU
		{89678CCD-C9A2-4E0C-8932-E204BA4C3741}.Release|Any CPU.Build.0 = Release|Any CPU
		{89678CCD-C9A2-4E0C-8932-E204BA4C3741}.Release|x64.ActiveCfg = Release|Any CPU
		{89678CCD-C9A2-4E0C-8932-E204BA4C3741}.Release|x64.Build.0 = Release|Any CPU
		{89678CCD-C9A2-4E0C-8932-E204BA4C3741}.Release|x86.ActiveCfg = Release|Any CPU
		{89678CCD-C9A2-4E0C-8932-E204BA4C3741}.Release|x86.Build.0 = Release|Any CPU
		{EA0A2AC3-A22D-4844-A300-691C5F1E674D}.Debug|Any CPU.ActiveCfg = Debug|Any CPU
		{EA0A2AC3-A22D-4844-A300-691C5F1E674D}.Debug|Any CPU.Build.0 = Debug|Any CPU
		{EA0A2AC3-A22D-4844-A300-691C5F1E674D}.Debug|x64.ActiveCfg = Debug|Any CPU
		{EA0A2AC3-A22D-4844-A300-691C5F1E674D}.Debug|x64.Build.0 = Debug|Any CPU
		{EA0A2AC3-A22D-4844-A300-691C5F1E674D}.Debug|x86.ActiveCfg = Debug|Any CPU
		{EA0A2AC3-A22D-4844-A300-691C5F1E674D}.Debug|x86.Build.0 = Debug|Any CPU
		{EA0A2AC3-A22D-4844-A300-691C5F1E674D}.Release|Any CPU.ActiveCfg = Release|Any CPU
		{EA0A2AC3-A22D-4844-A300-691C5F1E674D}.Release|Any CPU.Build.0 = Release|Any CPU
		{EA0A2AC3-A22D-4844-A300-691C5F1E674D}.Release|x64.ActiveCfg = Release|Any CPU
		{EA0A2AC3-A22D-4844-A300-691C5F1E674D}.Release|x64.Build.0 = Release|Any CPU
		{EA0A2AC3-A22D-4844-A300-691C5F1E674D}.Release|x86.ActiveCfg = Release|Any CPU
		{EA0A2AC3-A22D-4844-A300-691C5F1E674D}.Release|x86.Build.0 = Release|Any CPU
		{43FB3CA8-F67F-4DD6-AE71-BAC93D86DF94}.Debug|Any CPU.ActiveCfg = Debug|Any CPU
		{43FB3CA8-F67F-4DD6-AE71-BAC93D86DF94}.Debug|Any CPU.Build.0 = Debug|Any CPU
		{43FB3CA8-F67F-4DD6-AE71-BAC93D86DF94}.Debug|x64.ActiveCfg = Debug|Any CPU
		{43FB3CA8-F67F-4DD6-AE71-BAC93D86DF94}.Debug|x64.Build.0 = Debug|Any CPU
		{43FB3CA8-F67F-4DD6-AE71-BAC93D86DF94}.Debug|x86.ActiveCfg = Debug|Any CPU
		{43FB3CA8-F67F-4DD6-AE71-BAC93D86DF94}.Debug|x86.Build.0 = Debug|Any CPU
		{43FB3CA8-F67F-4DD6-AE71-BAC93D86DF94}.Release|Any CPU.ActiveCfg = Release|Any CPU
		{43FB3CA8-F67F-4DD6-AE71-BAC93D86DF94}.Release|Any CPU.Build.0 = Release|Any CPU
		{43FB3CA8-F67F-4DD6-AE71-BAC93D86DF94}.Release|x64.ActiveCfg = Release|Any CPU
		{43FB3CA8-F67F-4DD6-AE71-BAC93D86DF94}.Release|x64.Build.0 = Release|Any CPU
		{43FB3CA8-F67F-4DD6-AE71-BAC93D86DF94}.Release|x86.ActiveCfg = Release|Any CPU
		{43FB3CA8-F67F-4DD6-AE71-BAC93D86DF94}.Release|x86.Build.0 = Release|Any CPU
		{8218468D-6A37-4222-91E7-D4A9BDE47634}.Debug|Any CPU.ActiveCfg = Debug|Any CPU
		{8218468D-6A37-4222-91E7-D4A9BDE47634}.Debug|Any CPU.Build.0 = Debug|Any CPU
		{8218468D-6A37-4222-91E7-D4A9BDE47634}.Debug|x64.ActiveCfg = Debug|Any CPU
		{8218468D-6A37-4222-91E7-D4A9BDE47634}.Debug|x64.Build.0 = Debug|Any CPU
		{8218468D-6A37-4222-91E7-D4A9BDE47634}.Debug|x86.ActiveCfg = Debug|Any CPU
		{8218468D-6A37-4222-91E7-D4A9BDE47634}.Debug|x86.Build.0 = Debug|Any CPU
		{8218468D-6A37-4222-91E7-D4A9BDE47634}.Release|Any CPU.ActiveCfg = Release|Any CPU
		{8218468D-6A37-4222-91E7-D4A9BDE47634}.Release|Any CPU.Build.0 = Release|Any CPU
		{8218468D-6A37-4222-91E7-D4A9BDE47634}.Release|x64.ActiveCfg = Release|Any CPU
		{8218468D-6A37-4222-91E7-D4A9BDE47634}.Release|x64.Build.0 = Release|Any CPU
		{8218468D-6A37-4222-91E7-D4A9BDE47634}.Release|x86.ActiveCfg = Release|Any CPU
		{8218468D-6A37-4222-91E7-D4A9BDE47634}.Release|x86.Build.0 = Release|Any CPU
		{FBA196EF-EC91-49B7-B960-9F3F271970E4}.Debug|Any CPU.ActiveCfg = Debug|Any CPU
		{FBA196EF-EC91-49B7-B960-9F3F271970E4}.Debug|Any CPU.Build.0 = Debug|Any CPU
		{FBA196EF-EC91-49B7-B960-9F3F271970E4}.Debug|x64.ActiveCfg = Debug|Any CPU
		{FBA196EF-EC91-49B7-B960-9F3F271970E4}.Debug|x64.Build.0 = Debug|Any CPU
		{FBA196EF-EC91-49B7-B960-9F3F271970E4}.Debug|x86.ActiveCfg = Debug|Any CPU
		{FBA196EF-EC91-49B7-B960-9F3F271970E4}.Debug|x86.Build.0 = Debug|Any CPU
		{FBA196EF-EC91-49B7-B960-9F3F271970E4}.Release|Any CPU.ActiveCfg = Release|Any CPU
		{FBA196EF-EC91-49B7-B960-9F3F271970E4}.Release|Any CPU.Build.0 = Release|Any CPU
		{FBA196EF-EC91-49B7-B960-9F3F271970E4}.Release|x64.ActiveCfg = Release|Any CPU
		{FBA196EF-EC91-49B7-B960-9F3F271970E4}.Release|x64.Build.0 = Release|Any CPU
		{FBA196EF-EC91-49B7-B960-9F3F271970E4}.Release|x86.ActiveCfg = Release|Any CPU
		{FBA196EF-EC91-49B7-B960-9F3F271970E4}.Release|x86.Build.0 = Release|Any CPU
		{EA9B829F-3C4D-4A48-A11C-A2B622C25B1D}.Debug|Any CPU.ActiveCfg = Debug|Any CPU
		{EA9B829F-3C4D-4A48-A11C-A2B622C25B1D}.Debug|Any CPU.Build.0 = Debug|Any CPU
		{EA9B829F-3C4D-4A48-A11C-A2B622C25B1D}.Debug|x64.ActiveCfg = Debug|Any CPU
		{EA9B829F-3C4D-4A48-A11C-A2B622C25B1D}.Debug|x64.Build.0 = Debug|Any CPU
		{EA9B829F-3C4D-4A48-A11C-A2B622C25B1D}.Debug|x86.ActiveCfg = Debug|Any CPU
		{EA9B829F-3C4D-4A48-A11C-A2B622C25B1D}.Debug|x86.Build.0 = Debug|Any CPU
		{EA9B829F-3C4D-4A48-A11C-A2B622C25B1D}.Release|Any CPU.ActiveCfg = Release|Any CPU
		{EA9B829F-3C4D-4A48-A11C-A2B622C25B1D}.Release|Any CPU.Build.0 = Release|Any CPU
		{EA9B829F-3C4D-4A48-A11C-A2B622C25B1D}.Release|x64.ActiveCfg = Release|Any CPU
		{EA9B829F-3C4D-4A48-A11C-A2B622C25B1D}.Release|x64.Build.0 = Release|Any CPU
		{EA9B829F-3C4D-4A48-A11C-A2B622C25B1D}.Release|x86.ActiveCfg = Release|Any CPU
		{EA9B829F-3C4D-4A48-A11C-A2B622C25B1D}.Release|x86.Build.0 = Release|Any CPU
		{8B06F498-75A2-486E-B844-2B2BAF2A8765}.Debug|Any CPU.ActiveCfg = Debug|Any CPU
		{8B06F498-75A2-486E-B844-2B2BAF2A8765}.Debug|Any CPU.Build.0 = Debug|Any CPU
		{8B06F498-75A2-486E-B844-2B2BAF2A8765}.Debug|x64.ActiveCfg = Debug|Any CPU
		{8B06F498-75A2-486E-B844-2B2BAF2A8765}.Debug|x64.Build.0 = Debug|Any CPU
		{8B06F498-75A2-486E-B844-2B2BAF2A8765}.Debug|x86.ActiveCfg = Debug|Any CPU
		{8B06F498-75A2-486E-B844-2B2BAF2A8765}.Debug|x86.Build.0 = Debug|Any CPU
		{8B06F498-75A2-486E-B844-2B2BAF2A8765}.Release|Any CPU.ActiveCfg = Release|Any CPU
		{8B06F498-75A2-486E-B844-2B2BAF2A8765}.Release|Any CPU.Build.0 = Release|Any CPU
		{8B06F498-75A2-486E-B844-2B2BAF2A8765}.Release|x64.ActiveCfg = Release|Any CPU
		{8B06F498-75A2-486E-B844-2B2BAF2A8765}.Release|x64.Build.0 = Release|Any CPU
		{8B06F498-75A2-486E-B844-2B2BAF2A8765}.Release|x86.ActiveCfg = Release|Any CPU
		{8B06F498-75A2-486E-B844-2B2BAF2A8765}.Release|x86.Build.0 = Release|Any CPU
	EndGlobalSection
	GlobalSection(SolutionProperties) = preSolution
		HideSolutionNode = FALSE
	EndGlobalSection
	GlobalSection(NestedProjects) = preSolution
		{99B5AF81-8931-4A72-9597-D557858F1293} = {E17718FC-0791-43A4-BAD8-DC734D4F1E9A}
		{0FF01544-33D0-4F47-9243-3776439600AE} = {99B5AF81-8931-4A72-9597-D557858F1293}
		{ABC50CED-8BA7-41C4-8E60-23D4070C3142} = {99B5AF81-8931-4A72-9597-D557858F1293}
		{D3515115-05E9-4CC3-9E82-4212EF9DAD06} = {99B5AF81-8931-4A72-9597-D557858F1293}
		{3AB813B2-7104-40AE-9EC1-03D6705E169F} = {99B5AF81-8931-4A72-9597-D557858F1293}
		{57913D5D-8427-40E7-9282-9B569CB99112} = {E17718FC-0791-43A4-BAD8-DC734D4F1E9A}
		{52C0C72E-4871-43A7-B722-17950077DCC9} = {57913D5D-8427-40E7-9282-9B569CB99112}
		{AF5CDA8C-4B18-4E37-8BF7-0B0546F946CE} = {57913D5D-8427-40E7-9282-9B569CB99112}
		{FCAD7C33-E2CB-4221-9DA4-AC483EF53F7A} = {57913D5D-8427-40E7-9282-9B569CB99112}
		{89678CCD-C9A2-4E0C-8932-E204BA4C3741} = {57913D5D-8427-40E7-9282-9B569CB99112}
		{EA0A2AC3-A22D-4844-A300-691C5F1E674D} = {57913D5D-8427-40E7-9282-9B569CB99112}
		{43FB3CA8-F67F-4DD6-AE71-BAC93D86DF94} = {57913D5D-8427-40E7-9282-9B569CB99112}
		{8218468D-6A37-4222-91E7-D4A9BDE47634} = {88414FF1-E13F-48FA-BEDB-05BCB637E76A}
		{FBA196EF-EC91-49B7-B960-9F3F271970E4} = {88414FF1-E13F-48FA-BEDB-05BCB637E76A}
		{EA9B829F-3C4D-4A48-A11C-A2B622C25B1D} = {88414FF1-E13F-48FA-BEDB-05BCB637E76A}
		{8B06F498-75A2-486E-B844-2B2BAF2A8765} = {88414FF1-E13F-48FA-BEDB-05BCB637E76A}
	EndGlobalSection
EndGlobal
