
Microsoft Visual Studio Solution File, Format Version 12.00
#
Project("{2150E333-8FDC-42A3-9474-1A3956D46DE8}") = "src", "src", "{E17718FC-0791-43A4-BAD8-DC734D4F1E9A}"
EndProject
Project("{2150E333-8FDC-42A3-9474-1A3956D46DE8}") = "corePackages", "corePackages", "{99B5AF81-8931-4A72-9597-D557858F1293}"
EndProject
Project("{FAE04EC0-301F-11D3-BF4B-00C04F79EFBC}") = "Core.Application", "src\corePackages\Core.Application\Core.Application.csproj", "{0FF01544-33D0-4F47-9243-3776439600AE}"
EndProject
Project("{FAE04EC0-301F-11D3-BF4B-00C04F79EFBC}") = "Core.Persistence", "src\corePackages\Core.Persistence\Core.Persistence.csproj", "{ABC50CED-8BA7-41C4-8E60-23D4070C3142}"
EndProject
Project("{FAE04EC0-301F-11D3-BF4B-00C04F79EFBC}") = "Core.Mailing", "src\corePackages\Core.Mailing\Core.Mailing.csproj", "{DDAE0C20-C946-417A-86B3-A1495173838D}"
EndProject
Project("{FAE04EC0-301F-11D3-BF4B-00C04F79EFBC}") = "Core.CrossCuttingConcerns", "src\corePackages\Core.CrossCuttingConcers\Core.CrossCuttingConcerns.csproj", "{D3515115-05E9-4CC3-9E82-4212EF9DAD06}"
EndProject
Project("{FAE04EC0-301F-11D3-BF4B-00C04F79EFBC}") = "Core.Security", "src\corePackages\Core.Security\Core.Security.csproj", "{3AB813B2-7104-40AE-9EC1-03D6705E169F}"
EndProject
Project("{2150E333-8FDC-42A3-9474-1A3956D46DE8}") = "mainPackages", "mainPackages", "{57913D5D-8427-40E7-9282-9B569CB99112}"
EndProject
Project("{FAE04EC0-301F-11D3-BF4B-00C04F79EFBC}") = "codeTalks.Domain", "src\mainPackages\codeTalks.Domain\codeTalks.Domain.csproj", "{52C0C72E-4871-43A7-B722-17950077DCC9}"
EndProject
Project("{FAE04EC0-301F-11D3-BF4B-00C04F79EFBC}") = "codeTalks.Persistance", "src\mainPackages\codeTalks.Persistance\codeTalks.Persistance.csproj", "{AF5CDA8C-4B18-4E37-8BF7-0B0546F946CE}"
EndProject
Project("{FAE04EC0-301F-11D3-BF4B-00C04F79EFBC}") = "codeTalks.Application", "src\mainPackages\codeTalks.Application\codeTalks.Application.csproj", "{FCAD7C33-E2CB-4221-9DA4-AC483EF53F7A}"
EndProject
Project("{FAE04EC0-301F-11D3-BF4B-00C04F79EFBC}") = "codeTalks.Infrastructure", "src\mainPackages\codeTalks.Infrastructure\codeTalks.Infrastructure.csproj", "{89678CCD-C9A2-4E0C-8932-E204BA4C3741}"
EndProject
Project("{FAE04EC0-301F-11D3-BF4B-00C04F79EFBC}") = "codeTalks.WebAPI", "src\mainPackages\codeTalks.WebAPI\codeTalks.WebAPI.csproj", "{EA0A2AC3-A22D-4844-A300-691C5F1E674D}"
EndProject
Project("{FAE04EC0-301F-11D3-BF4B-00C04F79EFBC}") = "codeTalks.Presentation", "src\mainPackages\codeTalks.Presentation\codeTalks.Presentation.csproj", "{43FB3CA8-F67F-4DD6-AE71-BAC93D86DF94}"
EndProject
Global
	GlobalSection(SolutionConfigurationPlatforms) = preSolution
		Debug|Any CPU = Debug|Any CPU
		Release|Any CPU = Release|Any CPU
	EndGlobalSection
	GlobalSection(ProjectConfigurationPlatforms) = postSolution
		{0FF01544-33D0-4F47-9243-3776439600AE}.Debug|Any CPU.ActiveCfg = Debug|Any CPU
		{0FF01544-33D0-4F47-9243-3776439600AE}.Debug|Any CPU.Build.0 = Debug|Any CPU
		{0FF01544-33D0-4F47-9243-3776439600AE}.Release|Any CPU.ActiveCfg = Release|Any CPU
		{0FF01544-33D0-4F47-9243-3776439600AE}.Release|Any CPU.Build.0 = Release|Any CPU
		{ABC50CED-8BA7-41C4-8E60-23D4070C3142}.Debug|Any CPU.ActiveCfg = Debug|Any CPU
		{ABC50CED-8BA7-41C4-8E60-23D4070C3142}.Debug|Any CPU.Build.0 = Debug|Any CPU
		{ABC50CED-8BA7-41C4-8E60-23D4070C3142}.Release|Any CPU.ActiveCfg = Release|Any CPU
		{ABC50CED-8BA7-41C4-8E60-23D4070C3142}.Release|Any CPU.Build.0 = Release|Any CPU
		{DDAE0C20-C946-417A-86B3-A1495173838D}.Debug|Any CPU.ActiveCfg = Debug|Any CPU
		{DDAE0C20-C946-417A-86B3-A1495173838D}.Debug|Any CPU.Build.0 = Debug|Any CPU
		{DDAE0C20-C946-417A-86B3-A1495173838D}.Release|Any CPU.ActiveCfg = Release|Any CPU
		{DDAE0C20-C946-417A-86B3-A1495173838D}.Release|Any CPU.Build.0 = Release|Any CPU
		{D3515115-05E9-4CC3-9E82-4212EF9DAD06}.Debug|Any CPU.ActiveCfg = Debug|Any CPU
		{D3515115-05E9-4CC3-9E82-4212EF9DAD06}.Debug|Any CPU.Build.0 = Debug|Any CPU
		{D3515115-05E9-4CC3-9E82-4212EF9DAD06}.Release|Any CPU.ActiveCfg = Release|Any CPU
		{D3515115-05E9-4CC3-9E82-4212EF9DAD06}.Release|Any CPU.Build.0 = Release|Any CPU
		{3AB813B2-7104-40AE-9EC1-03D6705E169F}.Debug|Any CPU.ActiveCfg = Debug|Any CPU
		{3AB813B2-7104-40AE-9EC1-03D6705E169F}.Debug|Any CPU.Build.0 = Debug|Any CPU
		{3AB813B2-7104-40AE-9EC1-03D6705E169F}.Release|Any CPU.ActiveCfg = Release|Any CPU
		{3AB813B2-7104-40AE-9EC1-03D6705E169F}.Release|Any CPU.Build.0 = Release|Any CPU
		{52C0C72E-4871-43A7-B722-17950077DCC9}.Debug|Any CPU.ActiveCfg = Debug|Any CPU
		{52C0C72E-4871-43A7-B722-17950077DCC9}.Debug|Any CPU.Build.0 = Debug|Any CPU
		{52C0C72E-4871-43A7-B722-17950077DCC9}.Release|Any CPU.ActiveCfg = Release|Any CPU
		{52C0C72E-4871-43A7-B722-17950077DCC9}.Release|Any CPU.Build.0 = Release|Any CPU
		{AF5CDA8C-4B18-4E37-8BF7-0B0546F946CE}.Debug|Any CPU.ActiveCfg = Debug|Any CPU
		{AF5CDA8C-4B18-4E37-8BF7-0B0546F946CE}.Debug|Any CPU.Build.0 = Debug|Any CPU
		{AF5CDA8C-4B18-4E37-8BF7-0B0546F946CE}.Release|Any CPU.ActiveCfg = Release|Any CPU
		{AF5CDA8C-4B18-4E37-8BF7-0B0546F946CE}.Release|Any CPU.Build.0 = Release|Any CPU
		{FCAD7C33-E2CB-4221-9DA4-AC483EF53F7A}.Debug|Any CPU.ActiveCfg = Debug|Any CPU
		{FCAD7C33-E2CB-4221-9DA4-AC483EF53F7A}.Debug|Any CPU.Build.0 = Debug|Any CPU
		{FCAD7C33-E2CB-4221-9DA4-AC483EF53F7A}.Release|Any CPU.ActiveCfg = Release|Any CPU
		{FCAD7C33-E2CB-4221-9DA4-AC483EF53F7A}.Release|Any CPU.Build.0 = Release|Any CPU
		{89678CCD-C9A2-4E0C-8932-E204BA4C3741}.Debug|Any CPU.ActiveCfg = Debug|Any CPU
		{89678CCD-C9A2-4E0C-8932-E204BA4C3741}.Debug|Any CPU.Build.0 = Debug|Any CPU
		{89678CCD-C9A2-4E0C-8932-E204BA4C3741}.Release|Any CPU.ActiveCfg = Release|Any CPU
		{89678CCD-C9A2-4E0C-8932-E204BA4C3741}.Release|Any CPU.Build.0 = Release|Any CPU
		{EA0A2AC3-A22D-4844-A300-691C5F1E674D}.Debug|Any CPU.ActiveCfg = Debug|Any CPU
		{EA0A2AC3-A22D-4844-A300-691C5F1E674D}.Debug|Any CPU.Build.0 = Debug|Any CPU
		{EA0A2AC3-A22D-4844-A300-691C5F1E674D}.Release|Any CPU.ActiveCfg = Release|Any CPU
		{EA0A2AC3-A22D-4844-A300-691C5F1E674D}.Release|Any CPU.Build.0 = Release|Any CPU
		{43FB3CA8-F67F-4DD6-AE71-BAC93D86DF94}.Debug|Any CPU.ActiveCfg = Debug|Any CPU
		{43FB3CA8-F67F-4DD6-AE71-BAC93D86DF94}.Debug|Any CPU.Build.0 = Debug|Any CPU
		{43FB3CA8-F67F-4DD6-AE71-BAC93D86DF94}.Release|Any CPU.ActiveCfg = Release|Any CPU
		{43FB3CA8-F67F-4DD6-AE71-BAC93D86DF94}.Release|Any CPU.Build.0 = Release|Any CPU
	EndGlobalSection
	GlobalSection(NestedProjects) = preSolution
		{99B5AF81-8931-4A72-9597-D557858F1293} = {E17718FC-0791-43A4-BAD8-DC734D4F1E9A}
		{0FF01544-33D0-4F47-9243-3776439600AE} = {99B5AF81-8931-4A72-9597-D557858F1293}
		{ABC50CED-8BA7-41C4-8E60-23D4070C3142} = {99B5AF81-8931-4A72-9597-D557858F1293}
		{DDAE0C20-C946-417A-86B3-A1495173838D} = {99B5AF81-8931-4A72-9597-D557858F1293}
		{D3515115-05E9-4CC3-9E82-4212EF9DAD06} = {99B5AF81-8931-4A72-9597-D557858F1293}
		{3AB813B2-7104-40AE-9EC1-03D6705E169F} = {99B5AF81-8931-4A72-9597-D557858F1293}
		{57913D5D-8427-40E7-9282-9B569CB99112} = {E17718FC-0791-43A4-BAD8-DC734D4F1E9A}
		{52C0C72E-4871-43A7-B722-17950077DCC9} = {57913D5D-8427-40E7-9282-9B569CB99112}
		{AF5CDA8C-4B18-4E37-8BF7-0B0546F946CE} = {57913D5D-8427-40E7-9282-9B569CB99112}
		{FCAD7C33-E2CB-4221-9DA4-AC483EF53F7A} = {57913D5D-8427-40E7-9282-9B569CB99112}
		{89678CCD-C9A2-4E0C-8932-E204BA4C3741} = {57913D5D-8427-40E7-9282-9B569CB99112}
		{EA0A2AC3-A22D-4844-A300-691C5F1E674D} = {57913D5D-8427-40E7-9282-9B569CB99112}
		{43FB3CA8-F67F-4DD6-AE71-BAC93D86DF94} = {57913D5D-8427-40E7-9282-9B569CB99112}
	EndGlobalSection
EndGlobal
